
Microsoft Visual Studio Solution File, Format Version 12.00
# Visual Studio Version 17
VisualStudioVersion = 17.13.35825.156 d17.13
MinimumVisualStudioVersion = 10.0.40219.1
Project("{FAE04EC0-301F-11D3-BF4B-00C04F79EFBC}") = "chatroom", "chatroom\chatroom.csproj", "{3EE225D7-B73E-4314-ADE3-1355E662AF30}"
EndProject
Global
	GlobalSection(SolutionConfigurationPlatforms) = preSolution
		Debug|Any CPU = Debug|Any CPU
		Release|Any CPU = Release|Any CPU
	EndGlobalSection
	GlobalSection(ProjectConfigurationPlatforms) = postSolution
		{3EE225D7-B73E-4314-ADE3-1355E662AF30}.Debug|Any CPU.ActiveCfg = Debug|Any CPU
		{3EE225D7-B73E-4314-ADE3-1355E662AF30}.Debug|Any CPU.Build.0 = Debug|Any CPU
		{3EE225D7-B73E-4314-ADE3-1355E662AF30}.Release|Any CPU.ActiveCfg = Release|Any CPU
		{3EE225D7-B73E-4314-ADE3-1355E662AF30}.Release|Any CPU.Build.0 = Release|Any CPU
	EndGlobalSection
	GlobalSection(SolutionProperties) = preSolution
		HideSolutionNode = FALSE
	EndGlobalSection
	GlobalSection(ExtensibilityGlobals) = postSolution
		SolutionGuid = {7E2D4B1B-E1EF-49F8-9BDE-E6AD02DDB6AC}
	EndGlobalSection
EndGlobal
